
Microsoft Visual Studio Solution File, Format Version 12.00
# Visual Studio Version 17
VisualStudioVersion = 17.8.34408.163
MinimumVisualStudioVersion = 10.0.40219.1
Project("{FAE04EC0-301F-11D3-BF4B-00C04F79EFBC}") = "greatAdventure1.0", "greatAdventure1.0.csproj", "{E9AB0F61-6FF8-47EC-A0AB-A6828E022175}"
EndProject
Global
	GlobalSection(SolutionConfigurationPlatforms) = preSolution
		Debug|Any CPU = Debug|Any CPU
		Release|Any CPU = Release|Any CPU
	EndGlobalSection
	GlobalSection(ProjectConfigurationPlatforms) = postSolution
		{E9AB0F61-6FF8-47EC-A0AB-A6828E022175}.Debug|Any CPU.ActiveCfg = Debug|Any CPU
		{E9AB0F61-6FF8-47EC-A0AB-A6828E022175}.Debug|Any CPU.Build.0 = Debug|Any CPU
		{E9AB0F61-6FF8-47EC-A0AB-A6828E022175}.Release|Any CPU.ActiveCfg = Release|Any CPU
		{E9AB0F61-6FF8-47EC-A0AB-A6828E022175}.Release|Any CPU.Build.0 = Release|Any CPU
	EndGlobalSection
	GlobalSection(SolutionProperties) = preSolution
		HideSolutionNode = FALSE
	EndGlobalSection
	GlobalSection(ExtensibilityGlobals) = postSolution
		SolutionGuid = {7EC1B064-5CC1-4745-A57A-E7E4AE2E196C}
	EndGlobalSection
EndGlobal
